
Microsoft Visual Studio Solution File, Format Version 12.00
Project("{2150E333-8FDC-42A3-9474-1A3956D46DE8}") = "Facade", "Facade", "{B0C7E94E-98BD-4AC8-9532-246205844C52}"
EndProject
Project("{2150E333-8FDC-42A3-9474-1A3956D46DE8}") = "API", "API", "{96FBF963-68F7-41D2-ABA7-BAFDB9DCC882}"
EndProject
Project("{FAE04EC0-301F-11D3-BF4B-00C04F79EFBC}") = "ContactManager.API", "ContactManager.API\ContactManager.API.csproj", "{D5B422D5-F395-454E-BFE8-7B1097F36BEB}"
EndProject
Project("{2150E333-8FDC-42A3-9474-1A3956D46DE8}") = "Interface", "Interface", "{BAA2C4C1-0284-4CE4-9DCE-48F035FCD65E}"
EndProject
Project("{2150E333-8FDC-42A3-9474-1A3956D46DE8}") = "Service", "Service", "{EDF550DB-5135-4629-AB44-D5503CA4E1AB}"
EndProject
Project("{2150E333-8FDC-42A3-9474-1A3956D46DE8}") = "Infrastructure", "Infrastructure", "{9A40BA27-9E51-492F-9AB2-C1C68F81EDD6}"
EndProject
Project("{FAE04EC0-301F-11D3-BF4B-00C04F79EFBC}") = "ContactManager.Facade.Interface", "ContactManager.Facade.Interface\ContactManager.Facade.Interface.csproj", "{6FD373C7-70CB-43CA-BAC4-9B9D287C3427}"
EndProject
Project("{FAE04EC0-301F-11D3-BF4B-00C04F79EFBC}") = "ContactManager.Facade.Service", "ContactManager.Facade.Service\ContactManager.Facade.Service.csproj", "{FFD14046-EB17-4F44-BFD7-626D77BC018C}"
EndProject
Project("{2150E333-8FDC-42A3-9474-1A3956D46DE8}") = "Shared", "Shared", "{2290DD0F-F651-4942-A32E-75FFC657A476}"
EndProject
Project("{2150E333-8FDC-42A3-9474-1A3956D46DE8}") = "InjectionDependencies", "InjectionDependencies", "{10D0D14A-5D86-4949-88B5-85E643EA23C3}"
EndProject
Project("{FAE04EC0-301F-11D3-BF4B-00C04F79EFBC}") = "ContactManager.Shared.InjectionDependencies", "ContactManager.Shared.InjectionDependencies\ContactManager.Shared.InjectionDependencies.csproj", "{7F8B7775-9B40-4FC9-9371-733ECD9379BA}"
EndProject
Project("{2150E333-8FDC-42A3-9474-1A3956D46DE8}") = "Domain", "Domain", "{8094F0A4-FD8C-4885-921D-8E0BB020A7C0}"
EndProject
Project("{2150E333-8FDC-42A3-9474-1A3956D46DE8}") = "Repositories", "Repositories", "{82E2AB81-866F-4BA4-892B-CD09B6236EE9}"
EndProject
Project("{FAE04EC0-301F-11D3-BF4B-00C04F79EFBC}") = "ContactManager.Infrastructure.Domain", "ContactManager.Infrastructure.Domain\ContactManager.Infrastructure.Domain.csproj", "{3C22DE0A-A38E-4FD7-9CF9-CA96C0B00061}"
EndProject
Project("{2150E333-8FDC-42A3-9474-1A3956D46DE8}") = "Interfaces", "Interfaces", "{31E8583B-9CC5-4A48-892F-A12A4267902B}"
EndProject
Project("{2150E333-8FDC-42A3-9474-1A3956D46DE8}") = "Services", "Services", "{363879A4-3A31-40D9-9434-C7BBBC7BFF5C}"
EndProject
Project("{2150E333-8FDC-42A3-9474-1A3956D46DE8}") = "Commands", "Commands", "{7F417F42-635F-46EA-81A9-A7CA0FEFC879}"
EndProject
Project("{2150E333-8FDC-42A3-9474-1A3956D46DE8}") = "Interfaces", "Interfaces", "{CF63E9DE-657A-4E84-88A8-5AB721E52164}"
EndProject
Project("{2150E333-8FDC-42A3-9474-1A3956D46DE8}") = "Services", "Services", "{D1AFFD1E-277B-4067-B9FD-0B265E606D04}"
EndProject
Project("{FAE04EC0-301F-11D3-BF4B-00C04F79EFBC}") = "ContactManager.Infrastructure.Commands.Interface", "ContactManager.Infrastructure.Commands.Interface\ContactManager.Infrastructure.Commands.Interface.csproj", "{7B810143-7769-44B8-B226-69CB8A60E93C}"
EndProject
Project("{FAE04EC0-301F-11D3-BF4B-00C04F79EFBC}") = "ContactManager.Infrastructure.Commands.Service", "ContactManager.Infrastructure.Commands.Service\ContactManager.Infrastructure.Commands.Service.csproj", "{52029EED-7AB5-4AE1-B1B7-6940EC783A42}"
EndProject
Project("{FAE04EC0-301F-11D3-BF4B-00C04F79EFBC}") = "ContactManager.Infrastructure.Repositories.Interface", "ContactManager.Infrastructure.Repositories.Interface\ContactManager.Infrastructure.Repositories.Interface.csproj", "{E72D5E5C-9663-41D1-8A7E-FB75D4C9F874}"
EndProject
Project("{FAE04EC0-301F-11D3-BF4B-00C04F79EFBC}") = "ContactManager.Infrastructure.Repositories.Services", "ContactManager.Infrastructure.Repositories.Services\ContactManager.Infrastructure.Repositories.Services.csproj", "{959885BE-3281-475F-914A-0FB5A0349B65}"
EndProject
Global
	GlobalSection(SolutionConfigurationPlatforms) = preSolution
		Debug|Any CPU = Debug|Any CPU
		Release|Any CPU = Release|Any CPU
	EndGlobalSection
	GlobalSection(NestedProjects) = preSolution
		{D5B422D5-F395-454E-BFE8-7B1097F36BEB} = {96FBF963-68F7-41D2-ABA7-BAFDB9DCC882}
		{BAA2C4C1-0284-4CE4-9DCE-48F035FCD65E} = {B0C7E94E-98BD-4AC8-9532-246205844C52}
		{EDF550DB-5135-4629-AB44-D5503CA4E1AB} = {B0C7E94E-98BD-4AC8-9532-246205844C52}
		{6FD373C7-70CB-43CA-BAC4-9B9D287C3427} = {BAA2C4C1-0284-4CE4-9DCE-48F035FCD65E}
		{FFD14046-EB17-4F44-BFD7-626D77BC018C} = {EDF550DB-5135-4629-AB44-D5503CA4E1AB}
		{10D0D14A-5D86-4949-88B5-85E643EA23C3} = {2290DD0F-F651-4942-A32E-75FFC657A476}
		{7F8B7775-9B40-4FC9-9371-733ECD9379BA} = {10D0D14A-5D86-4949-88B5-85E643EA23C3}
		{8094F0A4-FD8C-4885-921D-8E0BB020A7C0} = {9A40BA27-9E51-492F-9AB2-C1C68F81EDD6}
		{82E2AB81-866F-4BA4-892B-CD09B6236EE9} = {9A40BA27-9E51-492F-9AB2-C1C68F81EDD6}
		{3C22DE0A-A38E-4FD7-9CF9-CA96C0B00061} = {8094F0A4-FD8C-4885-921D-8E0BB020A7C0}
		{31E8583B-9CC5-4A48-892F-A12A4267902B} = {82E2AB81-866F-4BA4-892B-CD09B6236EE9}
		{363879A4-3A31-40D9-9434-C7BBBC7BFF5C} = {82E2AB81-866F-4BA4-892B-CD09B6236EE9}
		{7F417F42-635F-46EA-81A9-A7CA0FEFC879} = {9A40BA27-9E51-492F-9AB2-C1C68F81EDD6}
		{CF63E9DE-657A-4E84-88A8-5AB721E52164} = {7F417F42-635F-46EA-81A9-A7CA0FEFC879}
		{D1AFFD1E-277B-4067-B9FD-0B265E606D04} = {7F417F42-635F-46EA-81A9-A7CA0FEFC879}
		{7B810143-7769-44B8-B226-69CB8A60E93C} = {CF63E9DE-657A-4E84-88A8-5AB721E52164}
		{52029EED-7AB5-4AE1-B1B7-6940EC783A42} = {D1AFFD1E-277B-4067-B9FD-0B265E606D04}
		{E72D5E5C-9663-41D1-8A7E-FB75D4C9F874} = {31E8583B-9CC5-4A48-892F-A12A4267902B}
		{959885BE-3281-475F-914A-0FB5A0349B65} = {363879A4-3A31-40D9-9434-C7BBBC7BFF5C}
	EndGlobalSection
	GlobalSection(ProjectConfigurationPlatforms) = postSolution
		{D5B422D5-F395-454E-BFE8-7B1097F36BEB}.Debug|Any CPU.ActiveCfg = Debug|Any CPU
		{D5B422D5-F395-454E-BFE8-7B1097F36BEB}.Debug|Any CPU.Build.0 = Debug|Any CPU
		{D5B422D5-F395-454E-BFE8-7B1097F36BEB}.Release|Any CPU.ActiveCfg = Release|Any CPU
		{D5B422D5-F395-454E-BFE8-7B1097F36BEB}.Release|Any CPU.Build.0 = Release|Any CPU
		{6FD373C7-70CB-43CA-BAC4-9B9D287C3427}.Debug|Any CPU.ActiveCfg = Debug|Any CPU
		{6FD373C7-70CB-43CA-BAC4-9B9D287C3427}.Debug|Any CPU.Build.0 = Debug|Any CPU
		{6FD373C7-70CB-43CA-BAC4-9B9D287C3427}.Release|Any CPU.ActiveCfg = Release|Any CPU
		{6FD373C7-70CB-43CA-BAC4-9B9D287C3427}.Release|Any CPU.Build.0 = Release|Any CPU
		{FFD14046-EB17-4F44-BFD7-626D77BC018C}.Debug|Any CPU.ActiveCfg = Debug|Any CPU
		{FFD14046-EB17-4F44-BFD7-626D77BC018C}.Debug|Any CPU.Build.0 = Debug|Any CPU
		{FFD14046-EB17-4F44-BFD7-626D77BC018C}.Release|Any CPU.ActiveCfg = Release|Any CPU
		{FFD14046-EB17-4F44-BFD7-626D77BC018C}.Release|Any CPU.Build.0 = Release|Any CPU
		{7F8B7775-9B40-4FC9-9371-733ECD9379BA}.Debug|Any CPU.ActiveCfg = Debug|Any CPU
		{7F8B7775-9B40-4FC9-9371-733ECD9379BA}.Debug|Any CPU.Build.0 = Debug|Any CPU
		{7F8B7775-9B40-4FC9-9371-733ECD9379BA}.Release|Any CPU.ActiveCfg = Release|Any CPU
		{7F8B7775-9B40-4FC9-9371-733ECD9379BA}.Release|Any CPU.Build.0 = Release|Any CPU
		{3C22DE0A-A38E-4FD7-9CF9-CA96C0B00061}.Debug|Any CPU.ActiveCfg = Debug|Any CPU
		{3C22DE0A-A38E-4FD7-9CF9-CA96C0B00061}.Debug|Any CPU.Build.0 = Debug|Any CPU
		{3C22DE0A-A38E-4FD7-9CF9-CA96C0B00061}.Release|Any CPU.ActiveCfg = Release|Any CPU
		{3C22DE0A-A38E-4FD7-9CF9-CA96C0B00061}.Release|Any CPU.Build.0 = Release|Any CPU
		{7B810143-7769-44B8-B226-69CB8A60E93C}.Debug|Any CPU.ActiveCfg = Debug|Any CPU
		{7B810143-7769-44B8-B226-69CB8A60E93C}.Debug|Any CPU.Build.0 = Debug|Any CPU
		{7B810143-7769-44B8-B226-69CB8A60E93C}.Release|Any CPU.ActiveCfg = Release|Any CPU
		{7B810143-7769-44B8-B226-69CB8A60E93C}.Release|Any CPU.Build.0 = Release|Any CPU
		{52029EED-7AB5-4AE1-B1B7-6940EC783A42}.Debug|Any CPU.ActiveCfg = Debug|Any CPU
		{52029EED-7AB5-4AE1-B1B7-6940EC783A42}.Debug|Any CPU.Build.0 = Debug|Any CPU
		{52029EED-7AB5-4AE1-B1B7-6940EC783A42}.Release|Any CPU.ActiveCfg = Release|Any CPU
		{52029EED-7AB5-4AE1-B1B7-6940EC783A42}.Release|Any CPU.Build.0 = Release|Any CPU
		{E72D5E5C-9663-41D1-8A7E-FB75D4C9F874}.Debug|Any CPU.ActiveCfg = Debug|Any CPU
		{E72D5E5C-9663-41D1-8A7E-FB75D4C9F874}.Debug|Any CPU.Build.0 = Debug|Any CPU
		{E72D5E5C-9663-41D1-8A7E-FB75D4C9F874}.Release|Any CPU.ActiveCfg = Release|Any CPU
		{E72D5E5C-9663-41D1-8A7E-FB75D4C9F874}.Release|Any CPU.Build.0 = Release|Any CPU
		{959885BE-3281-475F-914A-0FB5A0349B65}.Debug|Any CPU.ActiveCfg = Debug|Any CPU
		{959885BE-3281-475F-914A-0FB5A0349B65}.Debug|Any CPU.Build.0 = Debug|Any CPU
		{959885BE-3281-475F-914A-0FB5A0349B65}.Release|Any CPU.ActiveCfg = Release|Any CPU
		{959885BE-3281-475F-914A-0FB5A0349B65}.Release|Any CPU.Build.0 = Release|Any CPU
	EndGlobalSection
EndGlobal
